// !$*UTF8*$!
{
	archiveVersion = 1;
	classes = {
	};
	objectVersion = 56;
	objects = {

/* Begin PBXBuildFile section */
		A0011C3B295E2D57006F9FB5 /* AppDelegate.swift in Sources */ = {isa = PBXBuildFile; fileRef = A0011C3A295E2D57006F9FB5 /* AppDelegate.swift */; };
		A0011C3D295E2D57006F9FB5 /* SceneDelegate.swift in Sources */ = {isa = PBXBuildFile; fileRef = A0011C3C295E2D57006F9FB5 /* SceneDelegate.swift */; };
		A0011C3F295E2D57006F9FB5 /* HomeViewController.swift in Sources */ = {isa = PBXBuildFile; fileRef = A0011C3E295E2D57006F9FB5 /* HomeViewController.swift */; };
		A0011C42295E2D57006F9FB5 /* Main.storyboard in Resources */ = {isa = PBXBuildFile; fileRef = A0011C40295E2D57006F9FB5 /* Main.storyboard */; };
		A0011C44295E2D57006F9FB5 /* Assets.xcassets in Resources */ = {isa = PBXBuildFile; fileRef = A0011C43295E2D57006F9FB5 /* Assets.xcassets */; };
		A0011C47295E2D57006F9FB5 /* LaunchScreen.storyboard in Resources */ = {isa = PBXBuildFile; fileRef = A0011C45295E2D57006F9FB5 /* LaunchScreen.storyboard */; };
		A01DFE28296332180009A858 /* AlbumTrack.swift in Sources */ = {isa = PBXBuildFile; fileRef = A01DFE27296332180009A858 /* AlbumTrack.swift */; };
		A01DFE2B296336C70009A858 /* TrackTableViewCell.swift in Sources */ = {isa = PBXBuildFile; fileRef = A01DFE29296336C70009A858 /* TrackTableViewCell.swift */; };
		A01DFE2C296336C70009A858 /* TrackTableViewCell.xib in Resources */ = {isa = PBXBuildFile; fileRef = A01DFE2A296336C70009A858 /* TrackTableViewCell.xib */; };
		A069BA7329605CA200CCA6A8 /* SearchAlbum.swift in Sources */ = {isa = PBXBuildFile; fileRef = A069BA7229605CA200CCA6A8 /* SearchAlbum.swift */; };
		A069BA7529619DAC00CCA6A8 /* Category.swift in Sources */ = {isa = PBXBuildFile; fileRef = A069BA7429619DAC00CCA6A8 /* Category.swift */; };
		A069BA772961B40E00CCA6A8 /* SearchArtist.swift in Sources */ = {isa = PBXBuildFile; fileRef = A069BA762961B40E00CCA6A8 /* SearchArtist.swift */; };
		A069BA792961B41F00CCA6A8 /* SearchTrack.swift in Sources */ = {isa = PBXBuildFile; fileRef = A069BA782961B41F00CCA6A8 /* SearchTrack.swift */; };
		A069BA862961DD5F00CCA6A8 /* TrackSearchTableViewCell.swift in Sources */ = {isa = PBXBuildFile; fileRef = A069BA842961DD5F00CCA6A8 /* TrackSearchTableViewCell.swift */; };
		A069BA872961DD5F00CCA6A8 /* TrackSearchTableViewCell.xib in Resources */ = {isa = PBXBuildFile; fileRef = A069BA852961DD5F00CCA6A8 /* TrackSearchTableViewCell.xib */; };
		A069BA8E2961DD7900CCA6A8 /* AlbumSearchTableViewCell.swift in Sources */ = {isa = PBXBuildFile; fileRef = A069BA8C2961DD7900CCA6A8 /* AlbumSearchTableViewCell.swift */; };
		A069BA8F2961DD7900CCA6A8 /* AlbumSearchTableViewCell.xib in Resources */ = {isa = PBXBuildFile; fileRef = A069BA8D2961DD7900CCA6A8 /* AlbumSearchTableViewCell.xib */; };
		A091CB38295E2DB800476957 /* APICaller.swift in Sources */ = {isa = PBXBuildFile; fileRef = A091CB37295E2DB800476957 /* APICaller.swift */; };
		A091CB3B295E2EDB00476957 /* Genres.swift in Sources */ = {isa = PBXBuildFile; fileRef = A091CB3A295E2EDB00476957 /* Genres.swift */; };
		A091CB3F295E33A900476957 /* Artist.swift in Sources */ = {isa = PBXBuildFile; fileRef = A091CB3E295E33A900476957 /* Artist.swift */; };
		A091CB41295E35AB00476957 /* Album.swift in Sources */ = {isa = PBXBuildFile; fileRef = A091CB40295E35AB00476957 /* Album.swift */; };
		A091CB67295E4F2200476957 /* SearchViewController.swift in Sources */ = {isa = PBXBuildFile; fileRef = A091CB66295E4F2200476957 /* SearchViewController.swift */; };
		A091CB6A295E4FAA00476957 /* HomeTableViewCell.swift in Sources */ = {isa = PBXBuildFile; fileRef = A091CB68295E4FAA00476957 /* HomeTableViewCell.swift */; };
		A091CB6B295E4FAA00476957 /* HomeTableViewCell.xib in Resources */ = {isa = PBXBuildFile; fileRef = A091CB69295E4FAA00476957 /* HomeTableViewCell.xib */; };
		A091CB6E295EEF2400476957 /* Kingfisher in Frameworks */ = {isa = PBXBuildFile; productRef = A091CB6D295EEF2400476957 /* Kingfisher */; };
		A091CB70295EF68D00476957 /* GenreViewController.swift in Sources */ = {isa = PBXBuildFile; fileRef = A091CB6F295EF68D00476957 /* GenreViewController.swift */; };
		A091CB73295F024100476957 /* ArtistTableViewCell.swift in Sources */ = {isa = PBXBuildFile; fileRef = A091CB71295F024100476957 /* ArtistTableViewCell.swift */; };
		A091CB74295F024100476957 /* ArtistTableViewCell.xib in Resources */ = {isa = PBXBuildFile; fileRef = A091CB72295F024100476957 /* ArtistTableViewCell.xib */; };
		A091CB76295F15A400476957 /* AlbumViewController.swift in Sources */ = {isa = PBXBuildFile; fileRef = A091CB75295F15A400476957 /* AlbumViewController.swift */; };
		A091CB78295F18CE00476957 /* ArtistAlbum.swift in Sources */ = {isa = PBXBuildFile; fileRef = A091CB77295F18CE00476957 /* ArtistAlbum.swift */; };
		A091CB7A295F22B500476957 /* AlbumDetailViewController.swift in Sources */ = {isa = PBXBuildFile; fileRef = A091CB79295F22B500476957 /* AlbumDetailViewController.swift */; };
		A091CB7D295F310A00476957 /* Utils.swift in Sources */ = {isa = PBXBuildFile; fileRef = A091CB7C295F310A00476957 /* Utils.swift */; };
		A091CB7F295F371C00476957 /* PostCell.swift in Sources */ = {isa = PBXBuildFile; fileRef = A091CB7E295F371C00476957 /* PostCell.swift */; };
/* End PBXBuildFile section */

/* Begin PBXFileReference section */
		A0011C37295E2D57006F9FB5 /* Homework2.app */ = {isa = PBXFileReference; explicitFileType = wrapper.application; includeInIndex = 0; path = Homework2.app; sourceTree = BUILT_PRODUCTS_DIR; };
		A0011C3A295E2D57006F9FB5 /* AppDelegate.swift */ = {isa = PBXFileReference; lastKnownFileType = sourcecode.swift; path = AppDelegate.swift; sourceTree = "<group>"; };
		A0011C3C295E2D57006F9FB5 /* SceneDelegate.swift */ = {isa = PBXFileReference; lastKnownFileType = sourcecode.swift; path = SceneDelegate.swift; sourceTree = "<group>"; };
		A0011C3E295E2D57006F9FB5 /* HomeViewController.swift */ = {isa = PBXFileReference; lastKnownFileType = sourcecode.swift; path = HomeViewController.swift; sourceTree = "<group>"; };
		A0011C41295E2D57006F9FB5 /* Base */ = {isa = PBXFileReference; lastKnownFileType = file.storyboard; name = Base; path = Base.lproj/Main.storyboard; sourceTree = "<group>"; };
		A0011C43295E2D57006F9FB5 /* Assets.xcassets */ = {isa = PBXFileReference; lastKnownFileType = folder.assetcatalog; path = Assets.xcassets; sourceTree = "<group>"; };
		A0011C46295E2D57006F9FB5 /* Base */ = {isa = PBXFileReference; lastKnownFileType = file.storyboard; name = Base; path = Base.lproj/LaunchScreen.storyboard; sourceTree = "<group>"; };
		A0011C48295E2D57006F9FB5 /* Info.plist */ = {isa = PBXFileReference; lastKnownFileType = text.plist.xml; path = Info.plist; sourceTree = "<group>"; };
		A01DFE27296332180009A858 /* AlbumTrack.swift */ = {isa = PBXFileReference; lastKnownFileType = sourcecode.swift; path = AlbumTrack.swift; sourceTree = "<group>"; };
		A01DFE29296336C70009A858 /* TrackTableViewCell.swift */ = {isa = PBXFileReference; lastKnownFileType = sourcecode.swift; path = TrackTableViewCell.swift; sourceTree = "<group>"; };
		A01DFE2A296336C70009A858 /* TrackTableViewCell.xib */ = {isa = PBXFileReference; lastKnownFileType = file.xib; path = TrackTableViewCell.xib; sourceTree = "<group>"; };
		A069BA7229605CA200CCA6A8 /* SearchAlbum.swift */ = {isa = PBXFileReference; lastKnownFileType = sourcecode.swift; path = SearchAlbum.swift; sourceTree = "<group>"; };
		A069BA7429619DAC00CCA6A8 /* Category.swift */ = {isa = PBXFileReference; lastKnownFileType = sourcecode.swift; path = Category.swift; sourceTree = "<group>"; };
		A069BA762961B40E00CCA6A8 /* SearchArtist.swift */ = {isa = PBXFileReference; lastKnownFileType = sourcecode.swift; path = SearchArtist.swift; sourceTree = "<group>"; };
		A069BA782961B41F00CCA6A8 /* SearchTrack.swift */ = {isa = PBXFileReference; lastKnownFileType = sourcecode.swift; path = SearchTrack.swift; sourceTree = "<group>"; };
		A069BA842961DD5F00CCA6A8 /* TrackSearchTableViewCell.swift */ = {isa = PBXFileReference; lastKnownFileType = sourcecode.swift; path = TrackSearchTableViewCell.swift; sourceTree = "<group>"; };
		A069BA852961DD5F00CCA6A8 /* TrackSearchTableViewCell.xib */ = {isa = PBXFileReference; lastKnownFileType = file.xib; path = TrackSearchTableViewCell.xib; sourceTree = "<group>"; };
		A069BA8C2961DD7900CCA6A8 /* AlbumSearchTableViewCell.swift */ = {isa = PBXFileReference; lastKnownFileType = sourcecode.swift; path = AlbumSearchTableViewCell.swift; sourceTree = "<group>"; };
		A069BA8D2961DD7900CCA6A8 /* AlbumSearchTableViewCell.xib */ = {isa = PBXFileReference; lastKnownFileType = file.xib; path = AlbumSearchTableViewCell.xib; sourceTree = "<group>"; };
		A091CB37295E2DB800476957 /* APICaller.swift */ = {isa = PBXFileReference; lastKnownFileType = sourcecode.swift; path = APICaller.swift; sourceTree = "<group>"; };
		A091CB3A295E2EDB00476957 /* Genres.swift */ = {isa = PBXFileReference; lastKnownFileType = sourcecode.swift; path = Genres.swift; sourceTree = "<group>"; };
		A091CB3E295E33A900476957 /* Artist.swift */ = {isa = PBXFileReference; lastKnownFileType = sourcecode.swift; path = Artist.swift; sourceTree = "<group>"; };
		A091CB40295E35AB00476957 /* Album.swift */ = {isa = PBXFileReference; lastKnownFileType = sourcecode.swift; path = Album.swift; sourceTree = "<group>"; };
		A091CB66295E4F2200476957 /* SearchViewController.swift */ = {isa = PBXFileReference; lastKnownFileType = sourcecode.swift; path = SearchViewController.swift; sourceTree = "<group>"; };
		A091CB68295E4FAA00476957 /* HomeTableViewCell.swift */ = {isa = PBXFileReference; lastKnownFileType = sourcecode.swift; path = HomeTableViewCell.swift; sourceTree = "<group>"; };
		A091CB69295E4FAA00476957 /* HomeTableViewCell.xib */ = {isa = PBXFileReference; lastKnownFileType = file.xib; path = HomeTableViewCell.xib; sourceTree = "<group>"; };
		A091CB6F295EF68D00476957 /* GenreViewController.swift */ = {isa = PBXFileReference; lastKnownFileType = sourcecode.swift; path = GenreViewController.swift; sourceTree = "<group>"; };
		A091CB71295F024100476957 /* ArtistTableViewCell.swift */ = {isa = PBXFileReference; lastKnownFileType = sourcecode.swift; path = ArtistTableViewCell.swift; sourceTree = "<group>"; };
		A091CB72295F024100476957 /* ArtistTableViewCell.xib */ = {isa = PBXFileReference; lastKnownFileType = file.xib; path = ArtistTableViewCell.xib; sourceTree = "<group>"; };
		A091CB75295F15A400476957 /* AlbumViewController.swift */ = {isa = PBXFileReference; lastKnownFileType = sourcecode.swift; path = AlbumViewController.swift; sourceTree = "<group>"; };
		A091CB77295F18CE00476957 /* ArtistAlbum.swift */ = {isa = PBXFileReference; lastKnownFileType = sourcecode.swift; path = ArtistAlbum.swift; sourceTree = "<group>"; };
		A091CB79295F22B500476957 /* AlbumDetailViewController.swift */ = {isa = PBXFileReference; lastKnownFileType = sourcecode.swift; path = AlbumDetailViewController.swift; sourceTree = "<group>"; };
		A091CB7C295F310A00476957 /* Utils.swift */ = {isa = PBXFileReference; lastKnownFileType = sourcecode.swift; path = Utils.swift; sourceTree = "<group>"; };
		A091CB7E295F371C00476957 /* PostCell.swift */ = {isa = PBXFileReference; lastKnownFileType = sourcecode.swift; path = PostCell.swift; sourceTree = "<group>"; };
/* End PBXFileReference section */

/* Begin PBXFrameworksBuildPhase section */
		A0011C34295E2D57006F9FB5 /* Frameworks */ = {
			isa = PBXFrameworksBuildPhase;
			buildActionMask = 2147483647;
			files = (
				A091CB6E295EEF2400476957 /* Kingfisher in Frameworks */,
			);
			runOnlyForDeploymentPostprocessing = 0;
		};
/* End PBXFrameworksBuildPhase section */

/* Begin PBXGroup section */
		A0011C2E295E2D57006F9FB5 = {
			isa = PBXGroup;
			children = (
				A0011C39295E2D57006F9FB5 /* Homework2 */,
				A0011C38295E2D57006F9FB5 /* Products */,
			);
			sourceTree = "<group>";
		};
		A0011C38295E2D57006F9FB5 /* Products */ = {
			isa = PBXGroup;
			children = (
				A0011C37295E2D57006F9FB5 /* Homework2.app */,
			);
			name = Products;
			sourceTree = "<group>";
		};
		A0011C39295E2D57006F9FB5 /* Homework2 */ = {
			isa = PBXGroup;
			children = (
				A091CB7B295F30FE00476957 /* Utils */,
				A091CB64295E4ED700476957 /* View */,
				A091CB39295E2ECF00476957 /* Model */,
				A0011C3A295E2D57006F9FB5 /* AppDelegate.swift */,
				A0011C3C295E2D57006F9FB5 /* SceneDelegate.swift */,
				A0011C43295E2D57006F9FB5 /* Assets.xcassets */,
				A0011C48295E2D57006F9FB5 /* Info.plist */,
				A091CB37295E2DB800476957 /* APICaller.swift */,
				A091CB65295E4EE700476957 /* Controller */,
			);
			path = Homework2;
			sourceTree = "<group>";
		};
		A069BA7A2961DBBE00CCA6A8 /* Search */ = {
			isa = PBXGroup;
			children = (
				A069BA7D2961DBD700CCA6A8 /* Track */,
				A069BA7B2961DBC500CCA6A8 /* Album */,
			);
			path = Search;
			sourceTree = "<group>";
		};
		A069BA7B2961DBC500CCA6A8 /* Album */ = {
			isa = PBXGroup;
			children = (
				A069BA8C2961DD7900CCA6A8 /* AlbumSearchTableViewCell.swift */,
				A069BA8D2961DD7900CCA6A8 /* AlbumSearchTableViewCell.xib */,
			);
			path = Album;
			sourceTree = "<group>";
		};
		A069BA7D2961DBD700CCA6A8 /* Track */ = {
			isa = PBXGroup;
			children = (
				A069BA842961DD5F00CCA6A8 /* TrackSearchTableViewCell.swift */,
				A069BA852961DD5F00CCA6A8 /* TrackSearchTableViewCell.xib */,
				A01DFE29296336C70009A858 /* TrackTableViewCell.swift */,
				A01DFE2A296336C70009A858 /* TrackTableViewCell.xib */,
			);
			path = Track;
			sourceTree = "<group>";
		};
		A091CB39295E2ECF00476957 /* Model */ = {
			isa = PBXGroup;
			children = (
				A091CB3A295E2EDB00476957 /* Genres.swift */,
				A091CB3E295E33A900476957 /* Artist.swift */,
				A091CB40295E35AB00476957 /* Album.swift */,
				A091CB77295F18CE00476957 /* ArtistAlbum.swift */,
				A069BA7229605CA200CCA6A8 /* SearchAlbum.swift */,
				A069BA7429619DAC00CCA6A8 /* Category.swift */,
				A069BA762961B40E00CCA6A8 /* SearchArtist.swift */,
				A069BA782961B41F00CCA6A8 /* SearchTrack.swift */,
				A01DFE27296332180009A858 /* AlbumTrack.swift */,
			);
			path = Model;
			sourceTree = "<group>";
		};
		A091CB64295E4ED700476957 /* View */ = {
			isa = PBXGroup;
			children = (
				A069BA7A2961DBBE00CCA6A8 /* Search */,
				A091CB82295F375A00476957 /* Album */,
				A091CB81295F375100476957 /* Artist */,
				A091CB80295F374400476957 /* Home */,
				A0011C40295E2D57006F9FB5 /* Main.storyboard */,
				A0011C45295E2D57006F9FB5 /* LaunchScreen.storyboard */,
			);
			path = View;
			sourceTree = "<group>";
		};
		A091CB65295E4EE700476957 /* Controller */ = {
			isa = PBXGroup;
			children = (
				A0011C3E295E2D57006F9FB5 /* HomeViewController.swift */,
				A091CB66295E4F2200476957 /* SearchViewController.swift */,
				A091CB6F295EF68D00476957 /* GenreViewController.swift */,
				A091CB75295F15A400476957 /* AlbumViewController.swift */,
				A091CB79295F22B500476957 /* AlbumDetailViewController.swift */,
			);
			path = Controller;
			sourceTree = "<group>";
		};
		A091CB7B295F30FE00476957 /* Utils */ = {
			isa = PBXGroup;
			children = (
				A091CB7C295F310A00476957 /* Utils.swift */,
			);
			path = Utils;
			sourceTree = "<group>";
		};
		A091CB80295F374400476957 /* Home */ = {
			isa = PBXGroup;
			children = (
				A091CB68295E4FAA00476957 /* HomeTableViewCell.swift */,
				A091CB69295E4FAA00476957 /* HomeTableViewCell.xib */,
			);
			path = Home;
			sourceTree = "<group>";
		};
		A091CB81295F375100476957 /* Artist */ = {
			isa = PBXGroup;
			children = (
				A091CB71295F024100476957 /* ArtistTableViewCell.swift */,
				A091CB72295F024100476957 /* ArtistTableViewCell.xib */,
			);
			path = Artist;
			sourceTree = "<group>";
		};
		A091CB82295F375A00476957 /* Album */ = {
			isa = PBXGroup;
			children = (
				A091CB7E295F371C00476957 /* PostCell.swift */,
			);
			path = Album;
			sourceTree = "<group>";
		};
/* End PBXGroup section */

/* Begin PBXNativeTarget section */
		A0011C36295E2D57006F9FB5 /* Homework2 */ = {
			isa = PBXNativeTarget;
			buildConfigurationList = A0011C4B295E2D57006F9FB5 /* Build configuration list for PBXNativeTarget "Homework2" */;
			buildPhases = (
				A0011C33295E2D57006F9FB5 /* Sources */,
				A0011C34295E2D57006F9FB5 /* Frameworks */,
				A0011C35295E2D57006F9FB5 /* Resources */,
			);
			buildRules = (
			);
			dependencies = (
			);
			name = Homework2;
			packageProductDependencies = (
				A091CB6D295EEF2400476957 /* Kingfisher */,
			);
			productName = Homework2;
			productReference = A0011C37295E2D57006F9FB5 /* Homework2.app */;
			productType = "com.apple.product-type.application";
		};
/* End PBXNativeTarget section */

/* Begin PBXProject section */
		A0011C2F295E2D57006F9FB5 /* Project object */ = {
			isa = PBXProject;
			attributes = {
				BuildIndependentTargetsInParallel = 1;
				LastSwiftUpdateCheck = 1420;
				LastUpgradeCheck = 1420;
				TargetAttributes = {
					A0011C36295E2D57006F9FB5 = {
						CreatedOnToolsVersion = 14.2;
					};
				};
			};
			buildConfigurationList = A0011C32295E2D57006F9FB5 /* Build configuration list for PBXProject "Homework2" */;
			compatibilityVersion = "Xcode 14.0";
			developmentRegion = en;
			hasScannedForEncodings = 0;
			knownRegions = (
				en,
				Base,
			);
			mainGroup = A0011C2E295E2D57006F9FB5;
			packageReferences = (
				A091CB6C295EEF2400476957 /* XCRemoteSwiftPackageReference "Kingfisher" */,
			);
			productRefGroup = A0011C38295E2D57006F9FB5 /* Products */;
			projectDirPath = "";
			projectRoot = "";
			targets = (
				A0011C36295E2D57006F9FB5 /* Homework2 */,
			);
		};
/* End PBXProject section */

/* Begin PBXResourcesBuildPhase section */
		A0011C35295E2D57006F9FB5 /* Resources */ = {
			isa = PBXResourcesBuildPhase;
			buildActionMask = 2147483647;
			files = (
				A091CB74295F024100476957 /* ArtistTableViewCell.xib in Resources */,
				A069BA872961DD5F00CCA6A8 /* TrackSearchTableViewCell.xib in Resources */,
				A0011C47295E2D57006F9FB5 /* LaunchScreen.storyboard in Resources */,
				A0011C44295E2D57006F9FB5 /* Assets.xcassets in Resources */,
				A091CB6B295E4FAA00476957 /* HomeTableViewCell.xib in Resources */,
				A0011C42295E2D57006F9FB5 /* Main.storyboard in Resources */,
				A069BA8F2961DD7900CCA6A8 /* AlbumSearchTableViewCell.xib in Resources */,
				A01DFE2C296336C70009A858 /* TrackTableViewCell.xib in Resources */,
			);
			runOnlyForDeploymentPostprocessing = 0;
		};
/* End PBXResourcesBuildPhase section */

/* Begin PBXSourcesBuildPhase section */
		A0011C33295E2D57006F9FB5 /* Sources */ = {
			isa = PBXSourcesBuildPhase;
			buildActionMask = 2147483647;
			files = (
				A091CB76295F15A400476957 /* AlbumViewController.swift in Sources */,
				A01DFE28296332180009A858 /* AlbumTrack.swift in Sources */,
				A091CB3F295E33A900476957 /* Artist.swift in Sources */,
				A091CB3B295E2EDB00476957 /* Genres.swift in Sources */,
				A069BA7329605CA200CCA6A8 /* SearchAlbum.swift in Sources */,
				A091CB67295E4F2200476957 /* SearchViewController.swift in Sources */,
				A069BA7529619DAC00CCA6A8 /* Category.swift in Sources */,
				A069BA862961DD5F00CCA6A8 /* TrackSearchTableViewCell.swift in Sources */,
				A0011C3F295E2D57006F9FB5 /* HomeViewController.swift in Sources */,
				A069BA792961B41F00CCA6A8 /* SearchTrack.swift in Sources */,
				A091CB7D295F310A00476957 /* Utils.swift in Sources */,
				A069BA8E2961DD7900CCA6A8 /* AlbumSearchTableViewCell.swift in Sources */,
				A0011C3B295E2D57006F9FB5 /* AppDelegate.swift in Sources */,
				A0011C3D295E2D57006F9FB5 /* SceneDelegate.swift in Sources */,
				A091CB73295F024100476957 /* ArtistTableViewCell.swift in Sources */,
				A091CB70295EF68D00476957 /* GenreViewController.swift in Sources */,
				A069BA772961B40E00CCA6A8 /* SearchArtist.swift in Sources */,
				A091CB78295F18CE00476957 /* ArtistAlbum.swift in Sources */,
				A091CB6A295E4FAA00476957 /* HomeTableViewCell.swift in Sources */,
				A01DFE2B296336C70009A858 /* TrackTableViewCell.swift in Sources */,
				A091CB7A295F22B500476957 /* AlbumDetailViewController.swift in Sources */,
				A091CB41295E35AB00476957 /* Album.swift in Sources */,
				A091CB38295E2DB800476957 /* APICaller.swift in Sources */,
				A091CB7F295F371C00476957 /* PostCell.swift in Sources */,
			);
			runOnlyForDeploymentPostprocessing = 0;
		};
/* End PBXSourcesBuildPhase section */

/* Begin PBXVariantGroup section */
		A0011C40295E2D57006F9FB5 /* Main.storyboard */ = {
			isa = PBXVariantGroup;
			children = (
				A0011C41295E2D57006F9FB5 /* Base */,
			);
			name = Main.storyboard;
			sourceTree = "<group>";
		};
		A0011C45295E2D57006F9FB5 /* LaunchScreen.storyboard */ = {
			isa = PBXVariantGroup;
			children = (
				A0011C46295E2D57006F9FB5 /* Base */,
			);
			name = LaunchScreen.storyboard;
			sourceTree = "<group>";
		};
/* End PBXVariantGroup section */

/* Begin XCBuildConfiguration section */
		A0011C49295E2D57006F9FB5 /* Debug */ = {
			isa = XCBuildConfiguration;
			buildSettings = {
				ALWAYS_SEARCH_USER_PATHS = NO;
				CLANG_ANALYZER_NONNULL = YES;
				CLANG_ANALYZER_NUMBER_OBJECT_CONVERSION = YES_AGGRESSIVE;
				CLANG_CXX_LANGUAGE_STANDARD = "gnu++20";
				CLANG_ENABLE_MODULES = YES;
				CLANG_ENABLE_OBJC_ARC = YES;
				CLANG_ENABLE_OBJC_WEAK = YES;
				CLANG_WARN_BLOCK_CAPTURE_AUTORELEASING = YES;
				CLANG_WARN_BOOL_CONVERSION = YES;
				CLANG_WARN_COMMA = YES;
				CLANG_WARN_CONSTANT_CONVERSION = YES;
				CLANG_WARN_DEPRECATED_OBJC_IMPLEMENTATIONS = YES;
				CLANG_WARN_DIRECT_OBJC_ISA_USAGE = YES_ERROR;
				CLANG_WARN_DOCUMENTATION_COMMENTS = YES;
				CLANG_WARN_EMPTY_BODY = YES;
				CLANG_WARN_ENUM_CONVERSION = YES;
				CLANG_WARN_INFINITE_RECURSION = YES;
				CLANG_WARN_INT_CONVERSION = YES;
				CLANG_WARN_NON_LITERAL_NULL_CONVERSION = YES;
				CLANG_WARN_OBJC_IMPLICIT_RETAIN_SELF = YES;
				CLANG_WARN_OBJC_LITERAL_CONVERSION = YES;
				CLANG_WARN_OBJC_ROOT_CLASS = YES_ERROR;
				CLANG_WARN_QUOTED_INCLUDE_IN_FRAMEWORK_HEADER = YES;
				CLANG_WARN_RANGE_LOOP_ANALYSIS = YES;
				CLANG_WARN_STRICT_PROTOTYPES = YES;
				CLANG_WARN_SUSPICIOUS_MOVE = YES;
				CLANG_WARN_UNGUARDED_AVAILABILITY = YES_AGGRESSIVE;
				CLANG_WARN_UNREACHABLE_CODE = YES;
				CLANG_WARN__DUPLICATE_METHOD_MATCH = YES;
				COPY_PHASE_STRIP = NO;
				DEBUG_INFORMATION_FORMAT = dwarf;
				ENABLE_STRICT_OBJC_MSGSEND = YES;
				ENABLE_TESTABILITY = YES;
				GCC_C_LANGUAGE_STANDARD = gnu11;
				GCC_DYNAMIC_NO_PIC = NO;
				GCC_NO_COMMON_BLOCKS = YES;
				GCC_OPTIMIZATION_LEVEL = 0;
				GCC_PREPROCESSOR_DEFINITIONS = (
					"DEBUG=1",
					"$(inherited)",
				);
				GCC_WARN_64_TO_32_BIT_CONVERSION = YES;
				GCC_WARN_ABOUT_RETURN_TYPE = YES_ERROR;
				GCC_WARN_UNDECLARED_SELECTOR = YES;
				GCC_WARN_UNINITIALIZED_AUTOS = YES_AGGRESSIVE;
				GCC_WARN_UNUSED_FUNCTION = YES;
				GCC_WARN_UNUSED_VARIABLE = YES;
				IPHONEOS_DEPLOYMENT_TARGET = 16.2;
				MTL_ENABLE_DEBUG_INFO = INCLUDE_SOURCE;
				MTL_FAST_MATH = YES;
				ONLY_ACTIVE_ARCH = YES;
				SDKROOT = iphoneos;
				SWIFT_ACTIVE_COMPILATION_CONDITIONS = DEBUG;
				SWIFT_OPTIMIZATION_LEVEL = "-Onone";
			};
			name = Debug;
		};
		A0011C4A295E2D57006F9FB5 /* Release */ = {
			isa = XCBuildConfiguration;
			buildSettings = {
				ALWAYS_SEARCH_USER_PATHS = NO;
				CLANG_ANALYZER_NONNULL = YES;
				CLANG_ANALYZER_NUMBER_OBJECT_CONVERSION = YES_AGGRESSIVE;
				CLANG_CXX_LANGUAGE_STANDARD = "gnu++20";
				CLANG_ENABLE_MODULES = YES;
				CLANG_ENABLE_OBJC_ARC = YES;
				CLANG_ENABLE_OBJC_WEAK = YES;
				CLANG_WARN_BLOCK_CAPTURE_AUTORELEASING = YES;
				CLANG_WARN_BOOL_CONVERSION = YES;
				CLANG_WARN_COMMA = YES;
				CLANG_WARN_CONSTANT_CONVERSION = YES;
				CLANG_WARN_DEPRECATED_OBJC_IMPLEMENTATIONS = YES;
				CLANG_WARN_DIRECT_OBJC_ISA_USAGE = YES_ERROR;
				CLANG_WARN_DOCUMENTATION_COMMENTS = YES;
				CLANG_WARN_EMPTY_BODY = YES;
				CLANG_WARN_ENUM_CONVERSION = YES;
				CLANG_WARN_INFINITE_RECURSION = YES;
				CLANG_WARN_INT_CONVERSION = YES;
				CLANG_WARN_NON_LITERAL_NULL_CONVERSION = YES;
				CLANG_WARN_OBJC_IMPLICIT_RETAIN_SELF = YES;
				CLANG_WARN_OBJC_LITERAL_CONVERSION = YES;
				CLANG_WARN_OBJC_ROOT_CLASS = YES_ERROR;
				CLANG_WARN_QUOTED_INCLUDE_IN_FRAMEWORK_HEADER = YES;
				CLANG_WARN_RANGE_LOOP_ANALYSIS = YES;
				CLANG_WARN_STRICT_PROTOTYPES = YES;
				CLANG_WARN_SUSPICIOUS_MOVE = YES;
				CLANG_WARN_UNGUARDED_AVAILABILITY = YES_AGGRESSIVE;
				CLANG_WARN_UNREACHABLE_CODE = YES;
				CLANG_WARN__DUPLICATE_METHOD_MATCH = YES;
				COPY_PHASE_STRIP = NO;
				DEBUG_INFORMATION_FORMAT = "dwarf-with-dsym";
				ENABLE_NS_ASSERTIONS = NO;
				ENABLE_STRICT_OBJC_MSGSEND = YES;
				GCC_C_LANGUAGE_STANDARD = gnu11;
				GCC_NO_COMMON_BLOCKS = YES;
				GCC_WARN_64_TO_32_BIT_CONVERSION = YES;
				GCC_WARN_ABOUT_RETURN_TYPE = YES_ERROR;
				GCC_WARN_UNDECLARED_SELECTOR = YES;
				GCC_WARN_UNINITIALIZED_AUTOS = YES_AGGRESSIVE;
				GCC_WARN_UNUSED_FUNCTION = YES;
				GCC_WARN_UNUSED_VARIABLE = YES;
				IPHONEOS_DEPLOYMENT_TARGET = 16.2;
				MTL_ENABLE_DEBUG_INFO = NO;
				MTL_FAST_MATH = YES;
				SDKROOT = iphoneos;
				SWIFT_COMPILATION_MODE = wholemodule;
				SWIFT_OPTIMIZATION_LEVEL = "-O";
				VALIDATE_PRODUCT = YES;
			};
			name = Release;
		};
		A0011C4C295E2D57006F9FB5 /* Debug */ = {
			isa = XCBuildConfiguration;
			buildSettings = {
				ASSETCATALOG_COMPILER_APPICON_NAME = AppIcon;
				ASSETCATALOG_COMPILER_GLOBAL_ACCENT_COLOR_NAME = AccentColor;
				CODE_SIGN_STYLE = Automatic;
				CURRENT_PROJECT_VERSION = 1;
				DEVELOPMENT_TEAM = 68KQTL44VS;
				GENERATE_INFOPLIST_FILE = YES;
				INFOPLIST_FILE = Homework2/Info.plist;
				INFOPLIST_KEY_UIApplicationSupportsIndirectInputEvents = YES;
				INFOPLIST_KEY_UILaunchStoryboardName = LaunchScreen;
				INFOPLIST_KEY_UIMainStoryboardFile = Main;
				INFOPLIST_KEY_UISupportedInterfaceOrientations_iPad = "UIInterfaceOrientationPortrait UIInterfaceOrientationPortraitUpsideDown UIInterfaceOrientationLandscapeLeft UIInterfaceOrientationLandscapeRight";
				INFOPLIST_KEY_UISupportedInterfaceOrientations_iPhone = "UIInterfaceOrientationPortrait UIInterfaceOrientationLandscapeLeft UIInterfaceOrientationLandscapeRight";
				IPHONEOS_DEPLOYMENT_TARGET = 16.0;
				LD_RUNPATH_SEARCH_PATHS = (
					"$(inherited)",
					"@executable_path/Frameworks",
				);
				MARKETING_VERSION = 1.0;
				PRODUCT_BUNDLE_IDENTIFIER = com.denizataes.Homework2;
				PRODUCT_NAME = "$(TARGET_NAME)";
				SWIFT_EMIT_LOC_STRINGS = YES;
				SWIFT_VERSION = 5.0;
				TARGETED_DEVICE_FAMILY = "1,2";
			};
			name = Debug;
		};
		A0011C4D295E2D57006F9FB5 /* Release */ = {
			isa = XCBuildConfiguration;
			buildSettings = {
				ASSETCATALOG_COMPILER_APPICON_NAME = AppIcon;
				ASSETCATALOG_COMPILER_GLOBAL_ACCENT_COLOR_NAME = AccentColor;
				CODE_SIGN_STYLE = Automatic;
				CURRENT_PROJECT_VERSION = 1;
				DEVELOPMENT_TEAM = 68KQTL44VS;
				GENERATE_INFOPLIST_FILE = YES;
				INFOPLIST_FILE = Homework2/Info.plist;
				INFOPLIST_KEY_UIApplicationSupportsIndirectInputEvents = YES;
				INFOPLIST_KEY_UILaunchStoryboardName = LaunchScreen;
				INFOPLIST_KEY_UIMainStoryboardFile = Main;
				INFOPLIST_KEY_UISupportedInterfaceOrientations_iPad = "UIInterfaceOrientationPortrait UIInterfaceOrientationPortraitUpsideDown UIInterfaceOrientationLandscapeLeft UIInterfaceOrientationLandscapeRight";
				INFOPLIST_KEY_UISupportedInterfaceOrientations_iPhone = "UIInterfaceOrientationPortrait UIInterfaceOrientationLandscapeLeft UIInterfaceOrientationLandscapeRight";
				IPHONEOS_DEPLOYMENT_TARGET = 16.0;
				LD_RUNPATH_SEARCH_PATHS = (
					"$(inherited)",
					"@executable_path/Frameworks",
				);
				MARKETING_VERSION = 1.0;
				PRODUCT_BUNDLE_IDENTIFIER = com.denizataes.Homework2;
				PRODUCT_NAME = "$(TARGET_NAME)";
				SWIFT_EMIT_LOC_STRINGS = YES;
				SWIFT_VERSION = 5.0;
				TARGETED_DEVICE_FAMILY = "1,2";
			};
			name = Release;
		};
/* End XCBuildConfiguration section */

/* Begin XCConfigurationList section */
		A0011C32295E2D57006F9FB5 /* Build configuration list for PBXProject "Homework2" */ = {
			isa = XCConfigurationList;
			buildConfigurations = (
				A0011C49295E2D57006F9FB5 /* Debug */,
				A0011C4A295E2D57006F9FB5 /* Release */,
			);
			defaultConfigurationIsVisible = 0;
			defaultConfigurationName = Release;
		};
		A0011C4B295E2D57006F9FB5 /* Build configuration list for PBXNativeTarget "Homework2" */ = {
			isa = XCConfigurationList;
			buildConfigurations = (
				A0011C4C295E2D57006F9FB5 /* Debug */,
				A0011C4D295E2D57006F9FB5 /* Release */,
			);
			defaultConfigurationIsVisible = 0;
			defaultConfigurationName = Release;
		};
/* End XCConfigurationList section */

/* Begin XCRemoteSwiftPackageReference section */
		A091CB6C295EEF2400476957 /* XCRemoteSwiftPackageReference "Kingfisher" */ = {
			isa = XCRemoteSwiftPackageReference;
			repositoryURL = "https://github.com/onevcat/Kingfisher.git";
			requirement = {
				branch = master;
				kind = branch;
			};
		};
/* End XCRemoteSwiftPackageReference section */

/* Begin XCSwiftPackageProductDependency section */
		A091CB6D295EEF2400476957 /* Kingfisher */ = {
			isa = XCSwiftPackageProductDependency;
			package = A091CB6C295EEF2400476957 /* XCRemoteSwiftPackageReference "Kingfisher" */;
			productName = Kingfisher;
		};
/* End XCSwiftPackageProductDependency section */
	};
	rootObject = A0011C2F295E2D57006F9FB5 /* Project object */;
}
